// !$*UTF8*$!
{
	archiveVersion = 1;
	classes = {
	};
	objectVersion = 56;
	objects = {

/* Begin PBXBuildFile section */
		8CBD6E6029C4B25E00723214 /* AppDelegate.swift in Sources */ = {isa = PBXBuildFile; fileRef = 8CBD6E5F29C4B25E00723214 /* AppDelegate.swift */; };
		8CBD6E6229C4B25E00723214 /* ContentView.swift in Sources */ = {isa = PBXBuildFile; fileRef = 8CBD6E6129C4B25E00723214 /* ContentView.swift */; };
		8CBD6E6429C4B25E00723214 /* Experience.rcproject in Sources */ = {isa = PBXBuildFile; fileRef = 8CBD6E6329C4B25E00723214 /* Experience.rcproject */; };
		8CBD6E6629C4B26100723214 /* Assets.xcassets in Resources */ = {isa = PBXBuildFile; fileRef = 8CBD6E6529C4B26100723214 /* Assets.xcassets */; };
		8CBD6E6929C4B26100723214 /* Preview Assets.xcassets in Resources */ = {isa = PBXBuildFile; fileRef = 8CBD6E6829C4B26100723214 /* Preview Assets.xcassets */; };
		8CBD6E7329C4B26100723214 /* WaterAndBiscuitTests.swift in Sources */ = {isa = PBXBuildFile; fileRef = 8CBD6E7229C4B26100723214 /* WaterAndBiscuitTests.swift */; };
		8CBD6E7D29C4B26100723214 /* WaterAndBiscuitUITests.swift in Sources */ = {isa = PBXBuildFile; fileRef = 8CBD6E7C29C4B26100723214 /* WaterAndBiscuitUITests.swift */; };
		8CBD6E7F29C4B26100723214 /* WaterAndBiscuitUITestsLaunchTests.swift in Sources */ = {isa = PBXBuildFile; fileRef = 8CBD6E7E29C4B26100723214 /* WaterAndBiscuitUITestsLaunchTests.swift */; };
		8CBD6E8C29C5053E00723214 /* HomeView.swift in Sources */ = {isa = PBXBuildFile; fileRef = 8CBD6E8B29C5053E00723214 /* HomeView.swift */; };
		8CBD6E8E29C644DB00723214 /* FirstView.swift in Sources */ = {isa = PBXBuildFile; fileRef = 8CBD6E8D29C644DB00723214 /* FirstView.swift */; };
		8CBD6E9029C74ECB00723214 /* SkillView.swift in Sources */ = {isa = PBXBuildFile; fileRef = 8CBD6E8F29C74ECB00723214 /* SkillView.swift */; };
/* End PBXBuildFile section */

/* Begin PBXContainerItemProxy section */
		8CBD6E6F29C4B26100723214 /* PBXContainerItemProxy */ = {
			isa = PBXContainerItemProxy;
			containerPortal = 8CBD6E5429C4B25E00723214 /* Project object */;
			proxyType = 1;
			remoteGlobalIDString = 8CBD6E5B29C4B25E00723214;
			remoteInfo = WaterAndBiscuit;
		};
		8CBD6E7929C4B26100723214 /* PBXContainerItemProxy */ = {
			isa = PBXContainerItemProxy;
			containerPortal = 8CBD6E5429C4B25E00723214 /* Project object */;
			proxyType = 1;
			remoteGlobalIDString = 8CBD6E5B29C4B25E00723214;
			remoteInfo = WaterAndBiscuit;
		};
/* End PBXContainerItemProxy section */

/* Begin PBXFileReference section */
		8CBD6E5C29C4B25E00723214 /* WaterAndBiscuit.app */ = {isa = PBXFileReference; explicitFileType = wrapper.application; includeInIndex = 0; path = WaterAndBiscuit.app; sourceTree = BUILT_PRODUCTS_DIR; };
		8CBD6E5F29C4B25E00723214 /* AppDelegate.swift */ = {isa = PBXFileReference; lastKnownFileType = sourcecode.swift; path = AppDelegate.swift; sourceTree = "<group>"; };
		8CBD6E6129C4B25E00723214 /* ContentView.swift */ = {isa = PBXFileReference; lastKnownFileType = sourcecode.swift; path = ContentView.swift; sourceTree = "<group>"; };
		8CBD6E6329C4B25E00723214 /* Experience.rcproject */ = {isa = PBXFileReference; lastKnownFileType = file.rcproject; path = Experience.rcproject; sourceTree = "<group>"; };
		8CBD6E6529C4B26100723214 /* Assets.xcassets */ = {isa = PBXFileReference; lastKnownFileType = folder.assetcatalog; path = Assets.xcassets; sourceTree = "<group>"; };
		8CBD6E6829C4B26100723214 /* Preview Assets.xcassets */ = {isa = PBXFileReference; lastKnownFileType = folder.assetcatalog; path = "Preview Assets.xcassets"; sourceTree = "<group>"; };
		8CBD6E6E29C4B26100723214 /* WaterAndBiscuitTests.xctest */ = {isa = PBXFileReference; explicitFileType = wrapper.cfbundle; includeInIndex = 0; path = WaterAndBiscuitTests.xctest; sourceTree = BUILT_PRODUCTS_DIR; };
		8CBD6E7229C4B26100723214 /* WaterAndBiscuitTests.swift */ = {isa = PBXFileReference; lastKnownFileType = sourcecode.swift; path = WaterAndBiscuitTests.swift; sourceTree = "<group>"; };
		8CBD6E7829C4B26100723214 /* WaterAndBiscuitUITests.xctest */ = {isa = PBXFileReference; explicitFileType = wrapper.cfbundle; includeInIndex = 0; path = WaterAndBiscuitUITests.xctest; sourceTree = BUILT_PRODUCTS_DIR; };
		8CBD6E7C29C4B26100723214 /* WaterAndBiscuitUITests.swift */ = {isa = PBXFileReference; lastKnownFileType = sourcecode.swift; path = WaterAndBiscuitUITests.swift; sourceTree = "<group>"; };
		8CBD6E7E29C4B26100723214 /* WaterAndBiscuitUITestsLaunchTests.swift */ = {isa = PBXFileReference; lastKnownFileType = sourcecode.swift; path = WaterAndBiscuitUITestsLaunchTests.swift; sourceTree = "<group>"; };
		8CBD6E8B29C5053E00723214 /* HomeView.swift */ = {isa = PBXFileReference; lastKnownFileType = sourcecode.swift; path = HomeView.swift; sourceTree = "<group>"; };
		8CBD6E8D29C644DB00723214 /* FirstView.swift */ = {isa = PBXFileReference; lastKnownFileType = sourcecode.swift; path = FirstView.swift; sourceTree = "<group>"; };
		8CBD6E8F29C74ECB00723214 /* SkillView.swift */ = {isa = PBXFileReference; lastKnownFileType = sourcecode.swift; path = SkillView.swift; sourceTree = "<group>"; };
/* End PBXFileReference section */

/* Begin PBXFrameworksBuildPhase section */
		8CBD6E5929C4B25E00723214 /* Frameworks */ = {
			isa = PBXFrameworksBuildPhase;
			buildActionMask = 2147483647;
			files = (
			);
			runOnlyForDeploymentPostprocessing = 0;
		};
		8CBD6E6B29C4B26100723214 /* Frameworks */ = {
			isa = PBXFrameworksBuildPhase;
			buildActionMask = 2147483647;
			files = (
			);
			runOnlyForDeploymentPostprocessing = 0;
		};
		8CBD6E7529C4B26100723214 /* Frameworks */ = {
			isa = PBXFrameworksBuildPhase;
			buildActionMask = 2147483647;
			files = (
			);
			runOnlyForDeploymentPostprocessing = 0;
		};
/* End PBXFrameworksBuildPhase section */

/* Begin PBXGroup section */
		8CBD6E5329C4B25E00723214 = {
			isa = PBXGroup;
			children = (
				8CBD6E5E29C4B25E00723214 /* WaterAndBiscuit */,
				8CBD6E7129C4B26100723214 /* WaterAndBiscuitTests */,
				8CBD6E7B29C4B26100723214 /* WaterAndBiscuitUITests */,
				8CBD6E5D29C4B25E00723214 /* Products */,
			);
			sourceTree = "<group>";
		};
		8CBD6E5D29C4B25E00723214 /* Products */ = {
			isa = PBXGroup;
			children = (
				8CBD6E5C29C4B25E00723214 /* WaterAndBiscuit.app */,
				8CBD6E6E29C4B26100723214 /* WaterAndBiscuitTests.xctest */,
				8CBD6E7829C4B26100723214 /* WaterAndBiscuitUITests.xctest */,
			);
			name = Products;
			sourceTree = "<group>";
		};
		8CBD6E5E29C4B25E00723214 /* WaterAndBiscuit */ = {
			isa = PBXGroup;
			children = (
				8CBD6E5F29C4B25E00723214 /* AppDelegate.swift */,
				8CBD6E6129C4B25E00723214 /* ContentView.swift */,
				8CBD6E8D29C644DB00723214 /* FirstView.swift */,
				8CBD6E8B29C5053E00723214 /* HomeView.swift */,
				8CBD6E8F29C74ECB00723214 /* SkillView.swift */,
				8CBD6E6329C4B25E00723214 /* Experience.rcproject */,
				8CBD6E6529C4B26100723214 /* Assets.xcassets */,
				8CBD6E6729C4B26100723214 /* Preview Content */,
			);
			path = WaterAndBiscuit;
			sourceTree = "<group>";
		};
		8CBD6E6729C4B26100723214 /* Preview Content */ = {
			isa = PBXGroup;
			children = (
				8CBD6E6829C4B26100723214 /* Preview Assets.xcassets */,
			);
			path = "Preview Content";
			sourceTree = "<group>";
		};
		8CBD6E7129C4B26100723214 /* WaterAndBiscuitTests */ = {
			isa = PBXGroup;
			children = (
				8CBD6E7229C4B26100723214 /* WaterAndBiscuitTests.swift */,
			);
			path = WaterAndBiscuitTests;
			sourceTree = "<group>";
		};
		8CBD6E7B29C4B26100723214 /* WaterAndBiscuitUITests */ = {
			isa = PBXGroup;
			children = (
				8CBD6E7C29C4B26100723214 /* WaterAndBiscuitUITests.swift */,
				8CBD6E7E29C4B26100723214 /* WaterAndBiscuitUITestsLaunchTests.swift */,
			);
			path = WaterAndBiscuitUITests;
			sourceTree = "<group>";
		};
/* End PBXGroup section */

/* Begin PBXNativeTarget section */
		8CBD6E5B29C4B25E00723214 /* WaterAndBiscuit */ = {
			isa = PBXNativeTarget;
			buildConfigurationList = 8CBD6E8229C4B26100723214 /* Build configuration list for PBXNativeTarget "WaterAndBiscuit" */;
			buildPhases = (
				8CBD6E5829C4B25E00723214 /* Sources */,
				8CBD6E5929C4B25E00723214 /* Frameworks */,
				8CBD6E5A29C4B25E00723214 /* Resources */,
			);
			buildRules = (
			);
			dependencies = (
			);
			name = WaterAndBiscuit;
			productName = WaterAndBiscuit;
			productReference = 8CBD6E5C29C4B25E00723214 /* WaterAndBiscuit.app */;
			productType = "com.apple.product-type.application";
		};
		8CBD6E6D29C4B26100723214 /* WaterAndBiscuitTests */ = {
			isa = PBXNativeTarget;
			buildConfigurationList = 8CBD6E8529C4B26100723214 /* Build configuration list for PBXNativeTarget "WaterAndBiscuitTests" */;
			buildPhases = (
				8CBD6E6A29C4B26100723214 /* Sources */,
				8CBD6E6B29C4B26100723214 /* Frameworks */,
				8CBD6E6C29C4B26100723214 /* Resources */,
			);
			buildRules = (
			);
			dependencies = (
				8CBD6E7029C4B26100723214 /* PBXTargetDependency */,
			);
			name = WaterAndBiscuitTests;
			productName = WaterAndBiscuitTests;
			productReference = 8CBD6E6E29C4B26100723214 /* WaterAndBiscuitTests.xctest */;
			productType = "com.apple.product-type.bundle.unit-test";
		};
		8CBD6E7729C4B26100723214 /* WaterAndBiscuitUITests */ = {
			isa = PBXNativeTarget;
			buildConfigurationList = 8CBD6E8829C4B26100723214 /* Build configuration list for PBXNativeTarget "WaterAndBiscuitUITests" */;
			buildPhases = (
				8CBD6E7429C4B26100723214 /* Sources */,
				8CBD6E7529C4B26100723214 /* Frameworks */,
				8CBD6E7629C4B26100723214 /* Resources */,
			);
			buildRules = (
			);
			dependencies = (
				8CBD6E7A29C4B26100723214 /* PBXTargetDependency */,
			);
			name = WaterAndBiscuitUITests;
			productName = WaterAndBiscuitUITests;
			productReference = 8CBD6E7829C4B26100723214 /* WaterAndBiscuitUITests.xctest */;
			productType = "com.apple.product-type.bundle.ui-testing";
		};
/* End PBXNativeTarget section */

/* Begin PBXProject section */
		8CBD6E5429C4B25E00723214 /* Project object */ = {
			isa = PBXProject;
			attributes = {
				BuildIndependentTargetsInParallel = 1;
				LastSwiftUpdateCheck = 1400;
				LastUpgradeCheck = 1400;
				TargetAttributes = {
					8CBD6E5B29C4B25E00723214 = {
						CreatedOnToolsVersion = 14.0;
					};
					8CBD6E6D29C4B26100723214 = {
						CreatedOnToolsVersion = 14.0;
						TestTargetID = 8CBD6E5B29C4B25E00723214;
					};
					8CBD6E7729C4B26100723214 = {
						CreatedOnToolsVersion = 14.0;
						TestTargetID = 8CBD6E5B29C4B25E00723214;
					};
				};
			};
			buildConfigurationList = 8CBD6E5729C4B25E00723214 /* Build configuration list for PBXProject "WaterAndBiscuit" */;
			compatibilityVersion = "Xcode 14.0";
			developmentRegion = en;
			hasScannedForEncodings = 0;
			knownRegions = (
				en,
				Base,
			);
			mainGroup = 8CBD6E5329C4B25E00723214;
			productRefGroup = 8CBD6E5D29C4B25E00723214 /* Products */;
			projectDirPath = "";
			projectRoot = "";
			targets = (
				8CBD6E5B29C4B25E00723214 /* WaterAndBiscuit */,
				8CBD6E6D29C4B26100723214 /* WaterAndBiscuitTests */,
				8CBD6E7729C4B26100723214 /* WaterAndBiscuitUITests */,
			);
		};
/* End PBXProject section */

/* Begin PBXResourcesBuildPhase section */
		8CBD6E5A29C4B25E00723214 /* Resources */ = {
			isa = PBXResourcesBuildPhase;
			buildActionMask = 2147483647;
			files = (
				8CBD6E6929C4B26100723214 /* Preview Assets.xcassets in Resources */,
				8CBD6E6629C4B26100723214 /* Assets.xcassets in Resources */,
			);
			runOnlyForDeploymentPostprocessing = 0;
		};
		8CBD6E6C29C4B26100723214 /* Resources */ = {
			isa = PBXResourcesBuildPhase;
			buildActionMask = 2147483647;
			files = (
			);
			runOnlyForDeploymentPostprocessing = 0;
		};
		8CBD6E7629C4B26100723214 /* Resources */ = {
			isa = PBXResourcesBuildPhase;
			buildActionMask = 2147483647;
			files = (
			);
			runOnlyForDeploymentPostprocessing = 0;
		};
/* End PBXResourcesBuildPhase section */

/* Begin PBXSourcesBuildPhase section */
		8CBD6E5829C4B25E00723214 /* Sources */ = {
			isa = PBXSourcesBuildPhase;
			buildActionMask = 2147483647;
			files = (
				8CBD6E9029C74ECB00723214 /* SkillView.swift in Sources */,
				8CBD6E6229C4B25E00723214 /* ContentView.swift in Sources */,
				8CBD6E8E29C644DB00723214 /* FirstView.swift in Sources */,
				8CBD6E8C29C5053E00723214 /* HomeView.swift in Sources */,
				8CBD6E6029C4B25E00723214 /* AppDelegate.swift in Sources */,
				8CBD6E6429C4B25E00723214 /* Experience.rcproject in Sources */,
			);
			runOnlyForDeploymentPostprocessing = 0;
		};
		8CBD6E6A29C4B26100723214 /* Sources */ = {
			isa = PBXSourcesBuildPhase;
			buildActionMask = 2147483647;
			files = (
				8CBD6E7329C4B26100723214 /* WaterAndBiscuitTests.swift in Sources */,
			);
			runOnlyForDeploymentPostprocessing = 0;
		};
		8CBD6E7429C4B26100723214 /* Sources */ = {
			isa = PBXSourcesBuildPhase;
			buildActionMask = 2147483647;
			files = (
				8CBD6E7F29C4B26100723214 /* WaterAndBiscuitUITestsLaunchTests.swift in Sources */,
				8CBD6E7D29C4B26100723214 /* WaterAndBiscuitUITests.swift in Sources */,
			);
			runOnlyForDeploymentPostprocessing = 0;
		};
/* End PBXSourcesBuildPhase section */

/* Begin PBXTargetDependency section */
		8CBD6E7029C4B26100723214 /* PBXTargetDependency */ = {
			isa = PBXTargetDependency;
			target = 8CBD6E5B29C4B25E00723214 /* WaterAndBiscuit */;
			targetProxy = 8CBD6E6F29C4B26100723214 /* PBXContainerItemProxy */;
		};
		8CBD6E7A29C4B26100723214 /* PBXTargetDependency */ = {
			isa = PBXTargetDependency;
			target = 8CBD6E5B29C4B25E00723214 /* WaterAndBiscuit */;
			targetProxy = 8CBD6E7929C4B26100723214 /* PBXContainerItemProxy */;
		};
/* End PBXTargetDependency section */

/* Begin XCBuildConfiguration section */
		8CBD6E8029C4B26100723214 /* Debug */ = {
			isa = XCBuildConfiguration;
			buildSettings = {
				ALWAYS_SEARCH_USER_PATHS = NO;
				CLANG_ANALYZER_NONNULL = YES;
				CLANG_ANALYZER_NUMBER_OBJECT_CONVERSION = YES_AGGRESSIVE;
				CLANG_CXX_LANGUAGE_STANDARD = "gnu++20";
				CLANG_ENABLE_MODULES = YES;
				CLANG_ENABLE_OBJC_ARC = YES;
				CLANG_ENABLE_OBJC_WEAK = YES;
				CLANG_WARN_BLOCK_CAPTURE_AUTORELEASING = YES;
				CLANG_WARN_BOOL_CONVERSION = YES;
				CLANG_WARN_COMMA = YES;
				CLANG_WARN_CONSTANT_CONVERSION = YES;
				CLANG_WARN_DEPRECATED_OBJC_IMPLEMENTATIONS = YES;
				CLANG_WARN_DIRECT_OBJC_ISA_USAGE = YES_ERROR;
				CLANG_WARN_DOCUMENTATION_COMMENTS = YES;
				CLANG_WARN_EMPTY_BODY = YES;
				CLANG_WARN_ENUM_CONVERSION = YES;
				CLANG_WARN_INFINITE_RECURSION = YES;
				CLANG_WARN_INT_CONVERSION = YES;
				CLANG_WARN_NON_LITERAL_NULL_CONVERSION = YES;
				CLANG_WARN_OBJC_IMPLICIT_RETAIN_SELF = YES;
				CLANG_WARN_OBJC_LITERAL_CONVERSION = YES;
				CLANG_WARN_OBJC_ROOT_CLASS = YES_ERROR;
				CLANG_WARN_QUOTED_INCLUDE_IN_FRAMEWORK_HEADER = YES;
				CLANG_WARN_RANGE_LOOP_ANALYSIS = YES;
				CLANG_WARN_STRICT_PROTOTYPES = YES;
				CLANG_WARN_SUSPICIOUS_MOVE = YES;
				CLANG_WARN_UNGUARDED_AVAILABILITY = YES_AGGRESSIVE;
				CLANG_WARN_UNREACHABLE_CODE = YES;
				CLANG_WARN__DUPLICATE_METHOD_MATCH = YES;
				COPY_PHASE_STRIP = NO;
				DEBUG_INFORMATION_FORMAT = dwarf;
				ENABLE_STRICT_OBJC_MSGSEND = YES;
				ENABLE_TESTABILITY = YES;
				GCC_C_LANGUAGE_STANDARD = gnu11;
				GCC_DYNAMIC_NO_PIC = NO;
				GCC_NO_COMMON_BLOCKS = YES;
				GCC_OPTIMIZATION_LEVEL = 0;
				GCC_PREPROCESSOR_DEFINITIONS = (
					"DEBUG=1",
					"$(inherited)",
				);
				GCC_WARN_64_TO_32_BIT_CONVERSION = YES;
				GCC_WARN_ABOUT_RETURN_TYPE = YES_ERROR;
				GCC_WARN_UNDECLARED_SELECTOR = YES;
				GCC_WARN_UNINITIALIZED_AUTOS = YES_AGGRESSIVE;
				GCC_WARN_UNUSED_FUNCTION = YES;
				GCC_WARN_UNUSED_VARIABLE = YES;
				IPHONEOS_DEPLOYMENT_TARGET = 16.0;
				MTL_ENABLE_DEBUG_INFO = INCLUDE_SOURCE;
				MTL_FAST_MATH = YES;
				ONLY_ACTIVE_ARCH = YES;
				SDKROOT = iphoneos;
				SWIFT_ACTIVE_COMPILATION_CONDITIONS = DEBUG;
				SWIFT_OPTIMIZATION_LEVEL = "-Onone";
			};
			name = Debug;
		};
		8CBD6E8129C4B26100723214 /* Release */ = {
			isa = XCBuildConfiguration;
			buildSettings = {
				ALWAYS_SEARCH_USER_PATHS = NO;
				CLANG_ANALYZER_NONNULL = YES;
				CLANG_ANALYZER_NUMBER_OBJECT_CONVERSION = YES_AGGRESSIVE;
				CLANG_CXX_LANGUAGE_STANDARD = "gnu++20";
				CLANG_ENABLE_MODULES = YES;
				CLANG_ENABLE_OBJC_ARC = YES;
				CLANG_ENABLE_OBJC_WEAK = YES;
				CLANG_WARN_BLOCK_CAPTURE_AUTORELEASING = YES;
				CLANG_WARN_BOOL_CONVERSION = YES;
				CLANG_WARN_COMMA = YES;
				CLANG_WARN_CONSTANT_CONVERSION = YES;
				CLANG_WARN_DEPRECATED_OBJC_IMPLEMENTATIONS = YES;
				CLANG_WARN_DIRECT_OBJC_ISA_USAGE = YES_ERROR;
				CLANG_WARN_DOCUMENTATION_COMMENTS = YES;
				CLANG_WARN_EMPTY_BODY = YES;
				CLANG_WARN_ENUM_CONVERSION = YES;
				CLANG_WARN_INFINITE_RECURSION = YES;
				CLANG_WARN_INT_CONVERSION = YES;
				CLANG_WARN_NON_LITERAL_NULL_CONVERSION = YES;
				CLANG_WARN_OBJC_IMPLICIT_RETAIN_SELF = YES;
				CLANG_WARN_OBJC_LITERAL_CONVERSION = YES;
				CLANG_WARN_OBJC_ROOT_CLASS = YES_ERROR;
				CLANG_WARN_QUOTED_INCLUDE_IN_FRAMEWORK_HEADER = YES;
				CLANG_WARN_RANGE_LOOP_ANALYSIS = YES;
				CLANG_WARN_STRICT_PROTOTYPES = YES;
				CLANG_WARN_SUSPICIOUS_MOVE = YES;
				CLANG_WARN_UNGUARDED_AVAILABILITY = YES_AGGRESSIVE;
				CLANG_WARN_UNREACHABLE_CODE = YES;
				CLANG_WARN__DUPLICATE_METHOD_MATCH = YES;
				COPY_PHASE_STRIP = NO;
				DEBUG_INFORMATION_FORMAT = "dwarf-with-dsym";
				ENABLE_NS_ASSERTIONS = NO;
				ENABLE_STRICT_OBJC_MSGSEND = YES;
				GCC_C_LANGUAGE_STANDARD = gnu11;
				GCC_NO_COMMON_BLOCKS = YES;
				GCC_WARN_64_TO_32_BIT_CONVERSION = YES;
				GCC_WARN_ABOUT_RETURN_TYPE = YES_ERROR;
				GCC_WARN_UNDECLARED_SELECTOR = YES;
				GCC_WARN_UNINITIALIZED_AUTOS = YES_AGGRESSIVE;
				GCC_WARN_UNUSED_FUNCTION = YES;
				GCC_WARN_UNUSED_VARIABLE = YES;
				IPHONEOS_DEPLOYMENT_TARGET = 16.0;
				MTL_ENABLE_DEBUG_INFO = NO;
				MTL_FAST_MATH = YES;
				SDKROOT = iphoneos;
				SWIFT_COMPILATION_MODE = wholemodule;
				SWIFT_OPTIMIZATION_LEVEL = "-O";
				VALIDATE_PRODUCT = YES;
			};
			name = Release;
		};
		8CBD6E8329C4B26100723214 /* Debug */ = {
			isa = XCBuildConfiguration;
			buildSettings = {
				ASSETCATALOG_COMPILER_APPICON_NAME = AppIcon;
				ASSETCATALOG_COMPILER_GLOBAL_ACCENT_COLOR_NAME = AccentColor;
				CODE_SIGN_STYLE = Automatic;
				CURRENT_PROJECT_VERSION = 1;
				DEVELOPMENT_ASSET_PATHS = "\"WaterAndBiscuit/Preview Content\"";
				DEVELOPMENT_TEAM = 4VA5NBL27P;
				ENABLE_PREVIEWS = YES;
				GENERATE_INFOPLIST_FILE = YES;
				INFOPLIST_KEY_NSCameraUsageDescription = "";
				INFOPLIST_KEY_UIApplicationSupportsIndirectInputEvents = YES;
				INFOPLIST_KEY_UILaunchScreen_Generation = YES;
				INFOPLIST_KEY_UIRequiredDeviceCapabilities = arkit;
				INFOPLIST_KEY_UIStatusBarHidden = YES;
				INFOPLIST_KEY_UISupportedInterfaceOrientations_iPad = "UIInterfaceOrientationPortrait UIInterfaceOrientationPortraitUpsideDown UIInterfaceOrientationLandscapeLeft UIInterfaceOrientationLandscapeRight";
				INFOPLIST_KEY_UISupportedInterfaceOrientations_iPhone = "UIInterfaceOrientationPortrait UIInterfaceOrientationLandscapeLeft UIInterfaceOrientationLandscapeRight";
				LD_RUNPATH_SEARCH_PATHS = (
					"$(inherited)",
					"@executable_path/Frameworks",
				);
				MARKETING_VERSION = 1.0;
				PRODUCT_BUNDLE_IDENTIFIER = com.gmail.tukareta.nori.WaterAndBiscuit;
				PRODUCT_NAME = "$(TARGET_NAME)";
				SWIFT_EMIT_LOC_STRINGS = YES;
				SWIFT_VERSION = 5.0;
				TARGETED_DEVICE_FAMILY = "1,2";
			};
			name = Debug;
		};
		8CBD6E8429C4B26100723214 /* Release */ = {
			isa = XCBuildConfiguration;
			buildSettings = {
				ASSETCATALOG_COMPILER_APPICON_NAME = AppIcon;
				ASSETCATALOG_COMPILER_GLOBAL_ACCENT_COLOR_NAME = AccentColor;
				CODE_SIGN_STYLE = Automatic;
				CURRENT_PROJECT_VERSION = 1;
				DEVELOPMENT_ASSET_PATHS = "\"WaterAndBiscuit/Preview Content\"";
				DEVELOPMENT_TEAM = 4VA5NBL27P;
				ENABLE_PREVIEWS = YES;
				GENERATE_INFOPLIST_FILE = YES;
				INFOPLIST_KEY_NSCameraUsageDescription = "";
				INFOPLIST_KEY_UIApplicationSupportsIndirectInputEvents = YES;
				INFOPLIST_KEY_UILaunchScreen_Generation = YES;
				INFOPLIST_KEY_UIRequiredDeviceCapabilities = arkit;
				INFOPLIST_KEY_UIStatusBarHidden = YES;
				INFOPLIST_KEY_UISupportedInterfaceOrientations_iPad = "UIInterfaceOrientationPortrait UIInterfaceOrientationPortraitUpsideDown UIInterfaceOrientationLandscapeLeft UIInterfaceOrientationLandscapeRight";
				INFOPLIST_KEY_UISupportedInterfaceOrientations_iPhone = "UIInterfaceOrientationPortrait UIInterfaceOrientationLandscapeLeft UIInterfaceOrientationLandscapeRight";
				LD_RUNPATH_SEARCH_PATHS = (
					"$(inherited)",
					"@executable_path/Frameworks",
				);
				MARKETING_VERSION = 1.0;
				PRODUCT_BUNDLE_IDENTIFIER = com.gmail.tukareta.nori.WaterAndBiscuit;
				PRODUCT_NAME = "$(TARGET_NAME)";
				SWIFT_EMIT_LOC_STRINGS = YES;
				SWIFT_VERSION = 5.0;
				TARGETED_DEVICE_FAMILY = "1,2";
			};
			name = Release;
		};
		8CBD6E8629C4B26100723214 /* Debug */ = {
			isa = XCBuildConfiguration;
			buildSettings = {
				ALWAYS_EMBED_SWIFT_STANDARD_LIBRARIES = YES;
				BUNDLE_LOADER = "$(TEST_HOST)";
				CODE_SIGN_STYLE = Automatic;
				CURRENT_PROJECT_VERSION = 1;
				DEVELOPMENT_TEAM = 4VA5NBL27P;
				GENERATE_INFOPLIST_FILE = YES;
				IPHONEOS_DEPLOYMENT_TARGET = 16.0;
				MARKETING_VERSION = 1.0;
				PRODUCT_BUNDLE_IDENTIFIER = com.gmail.tukareta.nori.WaterAndBiscuitTests;
				PRODUCT_NAME = "$(TARGET_NAME)";
				SWIFT_EMIT_LOC_STRINGS = NO;
				SWIFT_VERSION = 5.0;
				TARGETED_DEVICE_FAMILY = "1,2";
				TEST_HOST = "$(BUILT_PRODUCTS_DIR)/WaterAndBiscuit.app/$(BUNDLE_EXECUTABLE_FOLDER_PATH)/WaterAndBiscuit";
			};
			name = Debug;
		};
		8CBD6E8729C4B26100723214 /* Release */ = {
			isa = XCBuildConfiguration;
			buildSettings = {
				ALWAYS_EMBED_SWIFT_STANDARD_LIBRARIES = YES;
				BUNDLE_LOADER = "$(TEST_HOST)";
				CODE_SIGN_STYLE = Automatic;
				CURRENT_PROJECT_VERSION = 1;
				DEVELOPMENT_TEAM = 4VA5NBL27P;
				GENERATE_INFOPLIST_FILE = YES;
				IPHONEOS_DEPLOYMENT_TARGET = 16.0;
				MARKETING_VERSION = 1.0;
				PRODUCT_BUNDLE_IDENTIFIER = com.gmail.tukareta.nori.WaterAndBiscuitTests;
				PRODUCT_NAME = "$(TARGET_NAME)";
				SWIFT_EMIT_LOC_STRINGS = NO;
				SWIFT_VERSION = 5.0;
				TARGETED_DEVICE_FAMILY = "1,2";
				TEST_HOST = "$(BUILT_PRODUCTS_DIR)/WaterAndBiscuit.app/$(BUNDLE_EXECUTABLE_FOLDER_PATH)/WaterAndBiscuit";
			};
			name = Release;
		};
		8CBD6E8929C4B26100723214 /* Debug */ = {
			isa = XCBuildConfiguration;
			buildSettings = {
				ALWAYS_EMBED_SWIFT_STANDARD_LIBRARIES = YES;
				CODE_SIGN_STYLE = Automatic;
				CURRENT_PROJECT_VERSION = 1;
				DEVELOPMENT_TEAM = 4VA5NBL27P;
				GENERATE_INFOPLIST_FILE = YES;
				MARKETING_VERSION = 1.0;
				PRODUCT_BUNDLE_IDENTIFIER = com.gmail.tukareta.nori.WaterAndBiscuitUITests;
				PRODUCT_NAME = "$(TARGET_NAME)";
				SWIFT_EMIT_LOC_STRINGS = NO;
				SWIFT_VERSION = 5.0;
				TARGETED_DEVICE_FAMILY = "1,2";
				TEST_TARGET_NAME = WaterAndBiscuit;
			};
			name = Debug;
		};
		8CBD6E8A29C4B26100723214 /* Release */ = {
			isa = XCBuildConfiguration;
			buildSettings = {
				ALWAYS_EMBED_SWIFT_STANDARD_LIBRARIES = YES;
				CODE_SIGN_STYLE = Automatic;
				CURRENT_PROJECT_VERSION = 1;
				DEVELOPMENT_TEAM = 4VA5NBL27P;
				GENERATE_INFOPLIST_FILE = YES;
				MARKETING_VERSION = 1.0;
				PRODUCT_BUNDLE_IDENTIFIER = com.gmail.tukareta.nori.WaterAndBiscuitUITests;
				PRODUCT_NAME = "$(TARGET_NAME)";
				SWIFT_EMIT_LOC_STRINGS = NO;
				SWIFT_VERSION = 5.0;
				TARGETED_DEVICE_FAMILY = "1,2";
				TEST_TARGET_NAME = WaterAndBiscuit;
			};
			name = Release;
		};
/* End XCBuildConfiguration section */

/* Begin XCConfigurationList section */
		8CBD6E5729C4B25E00723214 /* Build configuration list for PBXProject "WaterAndBiscuit" */ = {
			isa = XCConfigurationList;
			buildConfigurations = (
				8CBD6E8029C4B26100723214 /* Debug */,
				8CBD6E8129C4B26100723214 /* Release */,
			);
			defaultConfigurationIsVisible = 0;
			defaultConfigurationName = Release;
		};
		8CBD6E8229C4B26100723214 /* Build configuration list for PBXNativeTarget "WaterAndBiscuit" */ = {
			isa = XCConfigurationList;
			buildConfigurations = (
				8CBD6E8329C4B26100723214 /* Debug */,
				8CBD6E8429C4B26100723214 /* Release */,
			);
			defaultConfigurationIsVisible = 0;
			defaultConfigurationName = Release;
		};
		8CBD6E8529C4B26100723214 /* Build configuration list for PBXNativeTarget "WaterAndBiscuitTests" */ = {
			isa = XCConfigurationList;
			buildConfigurations = (
				8CBD6E8629C4B26100723214 /* Debug */,
				8CBD6E8729C4B26100723214 /* Release */,
			);
			defaultConfigurationIsVisible = 0;
			defaultConfigurationName = Release;
		};
		8CBD6E8829C4B26100723214 /* Build configuration list for PBXNativeTarget "WaterAndBiscuitUITests" */ = {
			isa = XCConfigurationList;
			buildConfigurations = (
				8CBD6E8929C4B26100723214 /* Debug */,
				8CBD6E8A29C4B26100723214 /* Release */,
			);
			defaultConfigurationIsVisible = 0;
			defaultConfigurationName = Release;
		};
/* End XCConfigurationList section */
	};
	rootObject = 8CBD6E5429C4B25E00723214 /* Project object */;
}
